{
  "../mip4-sca/lib/account-abstraction": {
    "rev": "4cbc06072cdc19fd60f285c5997f4f7f57a588de"
  },
  "../mip4-sca/lib/forge-std": {
    "rev": "bf647bd6046f2f7da30d0c2bf435e5c76a780c1b"
  },
  "../mip4-sca/lib/openzeppelin-contracts": {
    "rev": "69c8def5f222ff96f2b5beff05dfba996368aa79"
  },
  "lib/forge-std": {
    "tag": {
      "name": "v1.16.1",
      "rev": "620536fa5277db4e3fd46772d5cbc1ea0696fb43"
    }
  }
}